// !$*UTF8*$!
{
	archiveVersion = 1;
	classes = {
	};
	objectVersion = 51;
	objects = {

/* Begin PBXBuildFile section */
		506A48242334CC6F0002D75A /* AppDelegate.swift in Sources */ = {isa = PBXBuildFile; fileRef = 506A48232334CC6F0002D75A /* AppDelegate.swift */; };
		506A48262334CC6F0002D75A /* SceneDelegate.swift in Sources */ = {isa = PBXBuildFile; fileRef = 506A48252334CC6F0002D75A /* SceneDelegate.swift */; };
		506A48282334CC6F0002D75A /* ViewController.swift in Sources */ = {isa = PBXBuildFile; fileRef = 506A48272334CC6F0002D75A /* ViewController.swift */; };
		506A482B2334CC6F0002D75A /* Main.storyboard in Resources */ = {isa = PBXBuildFile; fileRef = 506A48292334CC6F0002D75A /* Main.storyboard */; };
		506A482E2334CC6F0002D75A /* Example.xcdatamodeld in Sources */ = {isa = PBXBuildFile; fileRef = 506A482C2334CC6F0002D75A /* Example.xcdatamodeld */; };
		506A48302334CC700002D75A /* Assets.xcassets in Resources */ = {isa = PBXBuildFile; fileRef = 506A482F2334CC700002D75A /* Assets.xcassets */; };
		506A48332334CC700002D75A /* LaunchScreen.storyboard in Resources */ = {isa = PBXBuildFile; fileRef = 506A48312334CC700002D75A /* LaunchScreen.storyboard */; };
		506A483E2334CC710002D75A /* ExampleTests.swift in Sources */ = {isa = PBXBuildFile; fileRef = 506A483D2334CC710002D75A /* ExampleTests.swift */; };
		506A488C2334DF830002D75A /* User+CoreDataClass.swift in Sources */ = {isa = PBXBuildFile; fileRef = 506A488A2334DF830002D75A /* User+CoreDataClass.swift */; };
		506A488D2334DF830002D75A /* User+CoreDataProperties.swift in Sources */ = {isa = PBXBuildFile; fileRef = 506A488B2334DF830002D75A /* User+CoreDataProperties.swift */; };
		506A48902334FF120002D75A /* Account+CoreDataClass.swift in Sources */ = {isa = PBXBuildFile; fileRef = 506A488E2334FF120002D75A /* Account+CoreDataClass.swift */; };
		506A48912334FF120002D75A /* Account+CoreDataProperties.swift in Sources */ = {isa = PBXBuildFile; fileRef = 506A488F2334FF120002D75A /* Account+CoreDataProperties.swift */; };
		5AE8F0CDEE3474E461B077F5 /* Pods_ExampleTests.framework in Frameworks */ = {isa = PBXBuildFile; fileRef = BD29A82A1E7070CBF9E80205 /* Pods_ExampleTests.framework */; };
		7FA2D4CAC31CEA47B080170B /* Pods_Example.framework in Frameworks */ = {isa = PBXBuildFile; fileRef = 3CDA63D29682F7CDCD3F5851 /* Pods_Example.framework */; };
/* End PBXBuildFile section */

/* Begin PBXContainerItemProxy section */
		506A483A2334CC710002D75A /* PBXContainerItemProxy */ = {
			isa = PBXContainerItemProxy;
			containerPortal = 506A48182334CC6F0002D75A /* Project object */;
			proxyType = 1;
			remoteGlobalIDString = 506A481F2334CC6F0002D75A;
			remoteInfo = Example;
		};
/* End PBXContainerItemProxy section */

/* Begin PBXFileReference section */
		3CDA63D29682F7CDCD3F5851 /* Pods_Example.framework */ = {isa = PBXFileReference; explicitFileType = wrapper.framework; includeInIndex = 0; path = Pods_Example.framework; sourceTree = BUILT_PRODUCTS_DIR; };
		506A48202334CC6F0002D75A /* Example.app */ = {isa = PBXFileReference; explicitFileType = wrapper.application; includeInIndex = 0; path = Example.app; sourceTree = BUILT_PRODUCTS_DIR; };
		506A48232334CC6F0002D75A /* AppDelegate.swift */ = {isa = PBXFileReference; lastKnownFileType = sourcecode.swift; path = AppDelegate.swift; sourceTree = "<group>"; };
		506A48252334CC6F0002D75A /* SceneDelegate.swift */ = {isa = PBXFileReference; lastKnownFileType = sourcecode.swift; path = SceneDelegate.swift; sourceTree = "<group>"; };
		506A48272334CC6F0002D75A /* ViewController.swift */ = {isa = PBXFileReference; lastKnownFileType = sourcecode.swift; path = ViewController.swift; sourceTree = "<group>"; };
		506A482A2334CC6F0002D75A /* Base */ = {isa = PBXFileReference; lastKnownFileType = file.storyboard; name = Base; path = Base.lproj/Main.storyboard; sourceTree = "<group>"; };
		506A482D2334CC6F0002D75A /* Example.xcdatamodel */ = {isa = PBXFileReference; lastKnownFileType = wrapper.xcdatamodel; path = Example.xcdatamodel; sourceTree = "<group>"; };
		506A482F2334CC700002D75A /* Assets.xcassets */ = {isa = PBXFileReference; lastKnownFileType = folder.assetcatalog; path = Assets.xcassets; sourceTree = "<group>"; };
		506A48322334CC700002D75A /* Base */ = {isa = PBXFileReference; lastKnownFileType = file.storyboard; name = Base; path = Base.lproj/LaunchScreen.storyboard; sourceTree = "<group>"; };
		506A48342334CC700002D75A /* Info.plist */ = {isa = PBXFileReference; lastKnownFileType = text.plist.xml; path = Info.plist; sourceTree = "<group>"; };
		506A48392334CC710002D75A /* ExampleTests.xctest */ = {isa = PBXFileReference; explicitFileType = wrapper.cfbundle; includeInIndex = 0; path = ExampleTests.xctest; sourceTree = BUILT_PRODUCTS_DIR; };
		506A483D2334CC710002D75A /* ExampleTests.swift */ = {isa = PBXFileReference; lastKnownFileType = sourcecode.swift; path = ExampleTests.swift; sourceTree = "<group>"; };
		506A483F2334CC710002D75A /* Info.plist */ = {isa = PBXFileReference; lastKnownFileType = text.plist.xml; path = Info.plist; sourceTree = "<group>"; };
		506A488A2334DF830002D75A /* User+CoreDataClass.swift */ = {isa = PBXFileReference; lastKnownFileType = sourcecode.swift; path = "User+CoreDataClass.swift"; sourceTree = "<group>"; };
		506A488B2334DF830002D75A /* User+CoreDataProperties.swift */ = {isa = PBXFileReference; lastKnownFileType = sourcecode.swift; path = "User+CoreDataProperties.swift"; sourceTree = "<group>"; };
		506A488E2334FF120002D75A /* Account+CoreDataClass.swift */ = {isa = PBXFileReference; lastKnownFileType = sourcecode.swift; path = "Account+CoreDataClass.swift"; sourceTree = "<group>"; };
		506A488F2334FF120002D75A /* Account+CoreDataProperties.swift */ = {isa = PBXFileReference; lastKnownFileType = sourcecode.swift; path = "Account+CoreDataProperties.swift"; sourceTree = "<group>"; };
		594A1555BACF16B5BDC40A16 /* Pods-Example.release.xcconfig */ = {isa = PBXFileReference; includeInIndex = 1; lastKnownFileType = text.xcconfig; name = "Pods-Example.release.xcconfig"; path = "Target Support Files/Pods-Example/Pods-Example.release.xcconfig"; sourceTree = "<group>"; };
		8F33EAC6113302225A92AC06 /* Pods-ExampleTests.release.xcconfig */ = {isa = PBXFileReference; includeInIndex = 1; lastKnownFileType = text.xcconfig; name = "Pods-ExampleTests.release.xcconfig"; path = "Target Support Files/Pods-ExampleTests/Pods-ExampleTests.release.xcconfig"; sourceTree = "<group>"; };
		BA25F6704640C25673F54466 /* Pods-ExampleTests.debug.xcconfig */ = {isa = PBXFileReference; includeInIndex = 1; lastKnownFileType = text.xcconfig; name = "Pods-ExampleTests.debug.xcconfig"; path = "Target Support Files/Pods-ExampleTests/Pods-ExampleTests.debug.xcconfig"; sourceTree = "<group>"; };
		BD29A82A1E7070CBF9E80205 /* Pods_ExampleTests.framework */ = {isa = PBXFileReference; explicitFileType = wrapper.framework; includeInIndex = 0; path = Pods_ExampleTests.framework; sourceTree = BUILT_PRODUCTS_DIR; };
		E19950C99AF6BA9382EF5AA6 /* Pods-Example.debug.xcconfig */ = {isa = PBXFileReference; includeInIndex = 1; lastKnownFileType = text.xcconfig; name = "Pods-Example.debug.xcconfig"; path = "Target Support Files/Pods-Example/Pods-Example.debug.xcconfig"; sourceTree = "<group>"; };
/* End PBXFileReference section */

/* Begin PBXFrameworksBuildPhase section */
		506A481D2334CC6F0002D75A /* Frameworks */ = {
			isa = PBXFrameworksBuildPhase;
			buildActionMask = 2147483647;
			files = (
				7FA2D4CAC31CEA47B080170B /* Pods_Example.framework in Frameworks */,
			);
			runOnlyForDeploymentPostprocessing = 0;
		};
		506A48362334CC710002D75A /* Frameworks */ = {
			isa = PBXFrameworksBuildPhase;
			buildActionMask = 2147483647;
			files = (
				5AE8F0CDEE3474E461B077F5 /* Pods_ExampleTests.framework in Frameworks */,
			);
			runOnlyForDeploymentPostprocessing = 0;
		};
/* End PBXFrameworksBuildPhase section */

/* Begin PBXGroup section */
		3A57EE05A1EA8A9922284C20 /* Pods */ = {
			isa = PBXGroup;
			children = (
				E19950C99AF6BA9382EF5AA6 /* Pods-Example.debug.xcconfig */,
				594A1555BACF16B5BDC40A16 /* Pods-Example.release.xcconfig */,
				BA25F6704640C25673F54466 /* Pods-ExampleTests.debug.xcconfig */,
				8F33EAC6113302225A92AC06 /* Pods-ExampleTests.release.xcconfig */,
			);
			name = Pods;
			path = ../Pods;
			sourceTree = "<group>";
		};
		506A48172334CC6F0002D75A = {
			isa = PBXGroup;
			children = (
				506A48222334CC6F0002D75A /* Example */,
				506A483C2334CC710002D75A /* ExampleTests */,
				506A48212334CC6F0002D75A /* Products */,
				3A57EE05A1EA8A9922284C20 /* Pods */,
				5C1BC56726209D5D98D5D197 /* Frameworks */,
			);
			sourceTree = "<group>";
		};
		506A48212334CC6F0002D75A /* Products */ = {
			isa = PBXGroup;
			children = (
				506A48202334CC6F0002D75A /* Example.app */,
				506A48392334CC710002D75A /* ExampleTests.xctest */,
			);
			name = Products;
			sourceTree = "<group>";
		};
		506A48222334CC6F0002D75A /* Example */ = {
			isa = PBXGroup;
			children = (
				506A488E2334FF120002D75A /* Account+CoreDataClass.swift */,
				506A488F2334FF120002D75A /* Account+CoreDataProperties.swift */,
				506A488A2334DF830002D75A /* User+CoreDataClass.swift */,
				506A488B2334DF830002D75A /* User+CoreDataProperties.swift */,
				506A48232334CC6F0002D75A /* AppDelegate.swift */,
				506A48252334CC6F0002D75A /* SceneDelegate.swift */,
				506A48272334CC6F0002D75A /* ViewController.swift */,
				506A48292334CC6F0002D75A /* Main.storyboard */,
				506A482F2334CC700002D75A /* Assets.xcassets */,
				506A48312334CC700002D75A /* LaunchScreen.storyboard */,
				506A48342334CC700002D75A /* Info.plist */,
				506A482C2334CC6F0002D75A /* Example.xcdatamodeld */,
			);
			path = Example;
			sourceTree = "<group>";
		};
		506A483C2334CC710002D75A /* ExampleTests */ = {
			isa = PBXGroup;
			children = (
				506A483D2334CC710002D75A /* ExampleTests.swift */,
				506A483F2334CC710002D75A /* Info.plist */,
			);
			path = ExampleTests;
			sourceTree = "<group>";
		};
		5C1BC56726209D5D98D5D197 /* Frameworks */ = {
			isa = PBXGroup;
			children = (
				3CDA63D29682F7CDCD3F5851 /* Pods_Example.framework */,
				BD29A82A1E7070CBF9E80205 /* Pods_ExampleTests.framework */,
			);
			name = Frameworks;
			sourceTree = "<group>";
		};
/* End PBXGroup section */

/* Begin PBXNativeTarget section */
		506A481F2334CC6F0002D75A /* Example */ = {
			isa = PBXNativeTarget;
			buildConfigurationList = 506A48422334CC710002D75A /* Build configuration list for PBXNativeTarget "Example" */;
			buildPhases = (
				F795907CC5E8315248B5B8A2 /* [CP] Check Pods Manifest.lock */,
				506A481C2334CC6F0002D75A /* Sources */,
				506A481D2334CC6F0002D75A /* Frameworks */,
				506A481E2334CC6F0002D75A /* Resources */,
				0024A393954404E41EE0B378 /* [CP] Embed Pods Frameworks */,
			);
			buildRules = (
			);
			dependencies = (
			);
			name = Example;
			productName = Example;
			productReference = 506A48202334CC6F0002D75A /* Example.app */;
			productType = "com.apple.product-type.application";
		};
		506A48382334CC710002D75A /* ExampleTests */ = {
			isa = PBXNativeTarget;
			buildConfigurationList = 506A48452334CC710002D75A /* Build configuration list for PBXNativeTarget "ExampleTests" */;
			buildPhases = (
				766E7CC69D78454ECBC7E5B8 /* [CP] Check Pods Manifest.lock */,
				506A48352334CC710002D75A /* Sources */,
				506A48362334CC710002D75A /* Frameworks */,
				506A48372334CC710002D75A /* Resources */,
			);
			buildRules = (
			);
			dependencies = (
				506A483B2334CC710002D75A /* PBXTargetDependency */,
			);
			name = ExampleTests;
			productName = ExampleTests;
			productReference = 506A48392334CC710002D75A /* ExampleTests.xctest */;
			productType = "com.apple.product-type.bundle.unit-test";
		};
/* End PBXNativeTarget section */

/* Begin PBXProject section */
		506A48182334CC6F0002D75A /* Project object */ = {
			isa = PBXProject;
			attributes = {
				LastSwiftUpdateCheck = 1100;
				LastUpgradeCheck = 1100;
				ORGANIZATIONNAME = Umesh;
				TargetAttributes = {
					506A481F2334CC6F0002D75A = {
						CreatedOnToolsVersion = 11.0;
					};
					506A48382334CC710002D75A = {
						CreatedOnToolsVersion = 11.0;
						TestTargetID = 506A481F2334CC6F0002D75A;
					};
				};
			};
			buildConfigurationList = 506A481B2334CC6F0002D75A /* Build configuration list for PBXProject "Example" */;
			compatibilityVersion = "Xcode 9.3";
			developmentRegion = en;
			hasScannedForEncodings = 0;
			knownRegions = (
				en,
				Base,
			);
			mainGroup = 506A48172334CC6F0002D75A;
			productRefGroup = 506A48212334CC6F0002D75A /* Products */;
			projectDirPath = "";
			projectRoot = "";
			targets = (
				506A481F2334CC6F0002D75A /* Example */,
				506A48382334CC710002D75A /* ExampleTests */,
			);
		};
/* End PBXProject section */

/* Begin PBXResourcesBuildPhase section */
		506A481E2334CC6F0002D75A /* Resources */ = {
			isa = PBXResourcesBuildPhase;
			buildActionMask = 2147483647;
			files = (
				506A48332334CC700002D75A /* LaunchScreen.storyboard in Resources */,
				506A48302334CC700002D75A /* Assets.xcassets in Resources */,
				506A482B2334CC6F0002D75A /* Main.storyboard in Resources */,
			);
			runOnlyForDeploymentPostprocessing = 0;
		};
		506A48372334CC710002D75A /* Resources */ = {
			isa = PBXResourcesBuildPhase;
			buildActionMask = 2147483647;
			files = (
			);
			runOnlyForDeploymentPostprocessing = 0;
		};
/* End PBXResourcesBuildPhase section */

/* Begin PBXShellScriptBuildPhase section */
		0024A393954404E41EE0B378 /* [CP] Embed Pods Frameworks */ = {
			isa = PBXShellScriptBuildPhase;
			buildActionMask = 2147483647;
			files = (
			);
			inputFileListPaths = (
				"${PODS_ROOT}/Target Support Files/Pods-Example/Pods-Example-frameworks-${CONFIGURATION}-input-files.xcfilelist",
			);
			name = "[CP] Embed Pods Frameworks";
			outputFileListPaths = (
				"${PODS_ROOT}/Target Support Files/Pods-Example/Pods-Example-frameworks-${CONFIGURATION}-output-files.xcfilelist",
			);
			runOnlyForDeploymentPostprocessing = 0;
			shellPath = /bin/sh;
			shellScript = "\"${PODS_ROOT}/Target Support Files/Pods-Example/Pods-Example-frameworks.sh\"\n";
			showEnvVarsInLog = 0;
		};
		766E7CC69D78454ECBC7E5B8 /* [CP] Check Pods Manifest.lock */ = {
			isa = PBXShellScriptBuildPhase;
			buildActionMask = 2147483647;
			files = (
			);
			inputFileListPaths = (
			);
			inputPaths = (
				"${PODS_PODFILE_DIR_PATH}/Podfile.lock",
				"${PODS_ROOT}/Manifest.lock",
			);
			name = "[CP] Check Pods Manifest.lock";
			outputFileListPaths = (
			);
			outputPaths = (
				"$(DERIVED_FILE_DIR)/Pods-ExampleTests-checkManifestLockResult.txt",
			);
			runOnlyForDeploymentPostprocessing = 0;
			shellPath = /bin/sh;
			shellScript = "diff \"${PODS_PODFILE_DIR_PATH}/Podfile.lock\" \"${PODS_ROOT}/Manifest.lock\" > /dev/null\nif [ $? != 0 ] ; then\n    # print error to STDERR\n    echo \"error: The sandbox is not in sync with the Podfile.lock. Run 'pod install' or update your CocoaPods installation.\" >&2\n    exit 1\nfi\n# This output is used by Xcode 'outputs' to avoid re-running this script phase.\necho \"SUCCESS\" > \"${SCRIPT_OUTPUT_FILE_0}\"\n";
			showEnvVarsInLog = 0;
		};
		F795907CC5E8315248B5B8A2 /* [CP] Check Pods Manifest.lock */ = {
			isa = PBXShellScriptBuildPhase;
			buildActionMask = 2147483647;
			files = (
			);
			inputFileListPaths = (
			);
			inputPaths = (
				"${PODS_PODFILE_DIR_PATH}/Podfile.lock",
				"${PODS_ROOT}/Manifest.lock",
			);
			name = "[CP] Check Pods Manifest.lock";
			outputFileListPaths = (
			);
			outputPaths = (
				"$(DERIVED_FILE_DIR)/Pods-Example-checkManifestLockResult.txt",
			);
			runOnlyForDeploymentPostprocessing = 0;
			shellPath = /bin/sh;
			shellScript = "diff \"${PODS_PODFILE_DIR_PATH}/Podfile.lock\" \"${PODS_ROOT}/Manifest.lock\" > /dev/null\nif [ $? != 0 ] ; then\n    # print error to STDERR\n    echo \"error: The sandbox is not in sync with the Podfile.lock. Run 'pod install' or update your CocoaPods installation.\" >&2\n    exit 1\nfi\n# This output is used by Xcode 'outputs' to avoid re-running this script phase.\necho \"SUCCESS\" > \"${SCRIPT_OUTPUT_FILE_0}\"\n";
			showEnvVarsInLog = 0;
		};
/* End PBXShellScriptBuildPhase section */

/* Begin PBXSourcesBuildPhase section */
		506A481C2334CC6F0002D75A /* Sources */ = {
			isa = PBXSourcesBuildPhase;
			buildActionMask = 2147483647;
			files = (
				506A482E2334CC6F0002D75A /* Example.xcdatamodeld in Sources */,
				506A48282334CC6F0002D75A /* ViewController.swift in Sources */,
				506A48902334FF120002D75A /* Account+CoreDataClass.swift in Sources */,
				506A488D2334DF830002D75A /* User+CoreDataProperties.swift in Sources */,
				506A48242334CC6F0002D75A /* AppDelegate.swift in Sources */,
				506A48262334CC6F0002D75A /* SceneDelegate.swift in Sources */,
				506A48912334FF120002D75A /* Account+CoreDataProperties.swift in Sources */,
				506A488C2334DF830002D75A /* User+CoreDataClass.swift in Sources */,
			);
			runOnlyForDeploymentPostprocessing = 0;
		};
		506A48352334CC710002D75A /* Sources */ = {
			isa = PBXSourcesBuildPhase;
			buildActionMask = 2147483647;
			files = (
				506A483E2334CC710002D75A /* ExampleTests.swift in Sources */,
			);
			runOnlyForDeploymentPostprocessing = 0;
		};
/* End PBXSourcesBuildPhase section */

/* Begin PBXTargetDependency section */
		506A483B2334CC710002D75A /* PBXTargetDependency */ = {
			isa = PBXTargetDependency;
			target = 506A481F2334CC6F0002D75A /* Example */;
			targetProxy = 506A483A2334CC710002D75A /* PBXContainerItemProxy */;
		};
/* End PBXTargetDependency section */

/* Begin PBXVariantGroup section */
		506A48292334CC6F0002D75A /* Main.storyboard */ = {
			isa = PBXVariantGroup;
			children = (
				506A482A2334CC6F0002D75A /* Base */,
			);
			name = Main.storyboard;
			sourceTree = "<group>";
		};
		506A48312334CC700002D75A /* LaunchScreen.storyboard */ = {
			isa = PBXVariantGroup;
			children = (
				506A48322334CC700002D75A /* Base */,
			);
			name = LaunchScreen.storyboard;
			sourceTree = "<group>";
		};
/* End PBXVariantGroup section */

/* Begin XCBuildConfiguration section */
		506A48402334CC710002D75A /* Debug */ = {
			isa = XCBuildConfiguration;
			buildSettings = {
				ALWAYS_SEARCH_USER_PATHS = NO;
				CLANG_ANALYZER_NONNULL = YES;
				CLANG_ANALYZER_NUMBER_OBJECT_CONVERSION = YES_AGGRESSIVE;
				CLANG_CXX_LANGUAGE_STANDARD = "gnu++14";
				CLANG_CXX_LIBRARY = "libc++";
				CLANG_ENABLE_MODULES = YES;
				CLANG_ENABLE_OBJC_ARC = YES;
				CLANG_ENABLE_OBJC_WEAK = YES;
				CLANG_WARN_BLOCK_CAPTURE_AUTORELEASING = YES;
				CLANG_WARN_BOOL_CONVERSION = YES;
				CLANG_WARN_COMMA = YES;
				CLANG_WARN_CONSTANT_CONVERSION = YES;
				CLANG_WARN_DEPRECATED_OBJC_IMPLEMENTATIONS = YES;
				CLANG_WARN_DIRECT_OBJC_ISA_USAGE = YES_ERROR;
				CLANG_WARN_DOCUMENTATION_COMMENTS = YES;
				CLANG_WARN_EMPTY_BODY = YES;
				CLANG_WARN_ENUM_CONVERSION = YES;
				CLANG_WARN_INFINITE_RECURSION = YES;
				CLANG_WARN_INT_CONVERSION = YES;
				CLANG_WARN_NON_LITERAL_NULL_CONVERSION = YES;
				CLANG_WARN_OBJC_IMPLICIT_RETAIN_SELF = YES;
				CLANG_WARN_OBJC_LITERAL_CONVERSION = YES;
				CLANG_WARN_OBJC_ROOT_CLASS = YES_ERROR;
				CLANG_WARN_RANGE_LOOP_ANALYSIS = YES;
				CLANG_WARN_STRICT_PROTOTYPES = YES;
				CLANG_WARN_SUSPICIOUS_MOVE = YES;
				CLANG_WARN_UNGUARDED_AVAILABILITY = YES_AGGRESSIVE;
				CLANG_WARN_UNREACHABLE_CODE = YES;
				CLANG_WARN__DUPLICATE_METHOD_MATCH = YES;
				COPY_PHASE_STRIP = NO;
				DEBUG_INFORMATION_FORMAT = dwarf;
				ENABLE_STRICT_OBJC_MSGSEND = YES;
				ENABLE_TESTABILITY = YES;
				GCC_C_LANGUAGE_STANDARD = gnu11;
				GCC_DYNAMIC_NO_PIC = NO;
				GCC_NO_COMMON_BLOCKS = YES;
				GCC_OPTIMIZATION_LEVEL = 0;
				GCC_PREPROCESSOR_DEFINITIONS = (
					"DEBUG=1",
					"$(inherited)",
				);
				GCC_WARN_64_TO_32_BIT_CONVERSION = YES;
				GCC_WARN_ABOUT_RETURN_TYPE = YES_ERROR;
				GCC_WARN_UNDECLARED_SELECTOR = YES;
				GCC_WARN_UNINITIALIZED_AUTOS = YES_AGGRESSIVE;
				GCC_WARN_UNUSED_FUNCTION = YES;
				GCC_WARN_UNUSED_VARIABLE = YES;
				IPHONEOS_DEPLOYMENT_TARGET = 13.0;
				MTL_ENABLE_DEBUG_INFO = INCLUDE_SOURCE;
				MTL_FAST_MATH = YES;
				ONLY_ACTIVE_ARCH = YES;
				SDKROOT = iphoneos;
				SWIFT_ACTIVE_COMPILATION_CONDITIONS = DEBUG;
				SWIFT_OPTIMIZATION_LEVEL = "-Onone";
			};
			name = Debug;
		};
		506A48412334CC710002D75A /* Release */ = {
			isa = XCBuildConfiguration;
			buildSettings = {
				ALWAYS_SEARCH_USER_PATHS = NO;
				CLANG_ANALYZER_NONNULL = YES;
				CLANG_ANALYZER_NUMBER_OBJECT_CONVERSION = YES_AGGRESSIVE;
				CLANG_CXX_LANGUAGE_STANDARD = "gnu++14";
				CLANG_CXX_LIBRARY = "libc++";
				CLANG_ENABLE_MODULES = YES;
				CLANG_ENABLE_OBJC_ARC = YES;
				CLANG_ENABLE_OBJC_WEAK = YES;
				CLANG_WARN_BLOCK_CAPTURE_AUTORELEASING = YES;
				CLANG_WARN_BOOL_CONVERSION = YES;
				CLANG_WARN_COMMA = YES;
				CLANG_WARN_CONSTANT_CONVERSION = YES;
				CLANG_WARN_DEPRECATED_OBJC_IMPLEMENTATIONS = YES;
				CLANG_WARN_DIRECT_OBJC_ISA_USAGE = YES_ERROR;
				CLANG_WARN_DOCUMENTATION_COMMENTS = YES;
				CLANG_WARN_EMPTY_BODY = YES;
				CLANG_WARN_ENUM_CONVERSION = YES;
				CLANG_WARN_INFINITE_RECURSION = YES;
				CLANG_WARN_INT_CONVERSION = YES;
				CLANG_WARN_NON_LITERAL_NULL_CONVERSION = YES;
				CLANG_WARN_OBJC_IMPLICIT_RETAIN_SELF = YES;
				CLANG_WARN_OBJC_LITERAL_CONVERSION = YES;
				CLANG_WARN_OBJC_ROOT_CLASS = YES_ERROR;
				CLANG_WARN_RANGE_LOOP_ANALYSIS = YES;
				CLANG_WARN_STRICT_PROTOTYPES = YES;
				CLANG_WARN_SUSPICIOUS_MOVE = YES;
				CLANG_WARN_UNGUARDED_AVAILABILITY = YES_AGGRESSIVE;
				CLANG_WARN_UNREACHABLE_CODE = YES;
				CLANG_WARN__DUPLICATE_METHOD_MATCH = YES;
				COPY_PHASE_STRIP = NO;
				DEBUG_INFORMATION_FORMAT = "dwarf-with-dsym";
				ENABLE_NS_ASSERTIONS = NO;
				ENABLE_STRICT_OBJC_MSGSEND = YES;
				GCC_C_LANGUAGE_STANDARD = gnu11;
				GCC_NO_COMMON_BLOCKS = YES;
				GCC_WARN_64_TO_32_BIT_CONVERSION = YES;
				GCC_WARN_ABOUT_RETURN_TYPE = YES_ERROR;
				GCC_WARN_UNDECLARED_SELECTOR = YES;
				GCC_WARN_UNINITIALIZED_AUTOS = YES_AGGRESSIVE;
				GCC_WARN_UNUSED_FUNCTION = YES;
				GCC_WARN_UNUSED_VARIABLE = YES;
				IPHONEOS_DEPLOYMENT_TARGET = 13.0;
				MTL_ENABLE_DEBUG_INFO = NO;
				MTL_FAST_MATH = YES;
				SDKROOT = iphoneos;
				SWIFT_COMPILATION_MODE = wholemodule;
				SWIFT_OPTIMIZATION_LEVEL = "-O";
				VALIDATE_PRODUCT = YES;
			};
			name = Release;
		};
		506A48432334CC710002D75A /* Debug */ = {
			isa = XCBuildConfiguration;
			baseConfigurationReference = E19950C99AF6BA9382EF5AA6 /* Pods-Example.debug.xcconfig */;
			buildSettings = {
				ASSETCATALOG_COMPILER_APPICON_NAME = AppIcon;
				CODE_SIGN_STYLE = Automatic;
				INFOPLIST_FILE = Example/Info.plist;
				LD_RUNPATH_SEARCH_PATHS = (
					"$(inherited)",
					"@executable_path/Frameworks",
				);
				PRODUCT_BUNDLE_IDENTIFIER = com.umesh.Example;
				PRODUCT_NAME = "$(TARGET_NAME)";
				SWIFT_VERSION = 5.0;
				TARGETED_DEVICE_FAMILY = "1,2";
			};
			name = Debug;
		};
		506A48442334CC710002D75A /* Release */ = {
			isa = XCBuildConfiguration;
			baseConfigurationReference = 594A1555BACF16B5BDC40A16 /* Pods-Example.release.xcconfig */;
			buildSettings = {
				ASSETCATALOG_COMPILER_APPICON_NAME = AppIcon;
				CODE_SIGN_STYLE = Automatic;
				INFOPLIST_FILE = Example/Info.plist;
				LD_RUNPATH_SEARCH_PATHS = (
					"$(inherited)",
					"@executable_path/Frameworks",
				);
				PRODUCT_BUNDLE_IDENTIFIER = com.umesh.Example;
				PRODUCT_NAME = "$(TARGET_NAME)";
				SWIFT_VERSION = 5.0;
				TARGETED_DEVICE_FAMILY = "1,2";
			};
			name = Release;
		};
		506A48462334CC710002D75A /* Debug */ = {
			isa = XCBuildConfiguration;
			baseConfigurationReference = BA25F6704640C25673F54466 /* Pods-ExampleTests.debug.xcconfig */;
			buildSettings = {
				ALWAYS_EMBED_SWIFT_STANDARD_LIBRARIES = YES;
				BUNDLE_LOADER = "$(TEST_HOST)";
				CODE_SIGN_STYLE = Automatic;
				INFOPLIST_FILE = ExampleTests/Info.plist;
				IPHONEOS_DEPLOYMENT_TARGET = 13.0;
				LD_RUNPATH_SEARCH_PATHS = (
					"$(inherited)",
					"@executable_path/Frameworks",
					"@loader_path/Frameworks",
				);
				PRODUCT_BUNDLE_IDENTIFIER = com.umesh.ExampleTests;
				PRODUCT_NAME = "$(TARGET_NAME)";
				SWIFT_VERSION = 5.0;
				TARGETED_DEVICE_FAMILY = "1,2";
				TEST_HOST = "$(BUILT_PRODUCTS_DIR)/Example.app/Example";
			};
			name = Debug;
		};
		506A48472334CC710002D75A /* Release */ = {
			isa = XCBuildConfiguration;
			baseConfigurationReference = 8F33EAC6113302225A92AC06 /* Pods-ExampleTests.release.xcconfig */;
			buildSettings = {
				ALWAYS_EMBED_SWIFT_STANDARD_LIBRARIES = YES;
				BUNDLE_LOADER = "$(TEST_HOST)";
				CODE_SIGN_STYLE = Automatic;
				INFOPLIST_FILE = ExampleTests/Info.plist;
				IPHONEOS_DEPLOYMENT_TARGET = 13.0;
				LD_RUNPATH_SEARCH_PATHS = (
					"$(inherited)",
					"@executable_path/Frameworks",
					"@loader_path/Frameworks",
				);
				PRODUCT_BUNDLE_IDENTIFIER = com.umesh.ExampleTests;
				PRODUCT_NAME = "$(TARGET_NAME)";
				SWIFT_VERSION = 5.0;
				TARGETED_DEVICE_FAMILY = "1,2";
				TEST_HOST = "$(BUILT_PRODUCTS_DIR)/Example.app/Example";
			};
			name = Release;
		};
/* End XCBuildConfiguration section */

/* Begin XCConfigurationList section */
		506A481B2334CC6F0002D75A /* Build configuration list for PBXProject "Example" */ = {
			isa = XCConfigurationList;
			buildConfigurations = (
				506A48402334CC710002D75A /* Debug */,
				506A48412334CC710002D75A /* Release */,
			);
			defaultConfigurationIsVisible = 0;
			defaultConfigurationName = Release;
		};
		506A48422334CC710002D75A /* Build configuration list for PBXNativeTarget "Example" */ = {
			isa = XCConfigurationList;
			buildConfigurations = (
				506A48432334CC710002D75A /* Debug */,
				506A48442334CC710002D75A /* Release */,
			);
			defaultConfigurationIsVisible = 0;
			defaultConfigurationName = Release;
		};
		506A48452334CC710002D75A /* Build configuration list for PBXNativeTarget "ExampleTests" */ = {
			isa = XCConfigurationList;
			buildConfigurations = (
				506A48462334CC710002D75A /* Debug */,
				506A48472334CC710002D75A /* Release */,
			);
			defaultConfigurationIsVisible = 0;
			defaultConfigurationName = Release;
		};
/* End XCConfigurationList section */

/* Begin XCVersionGroup section */
		506A482C2334CC6F0002D75A /* Example.xcdatamodeld */ = {
			isa = XCVersionGroup;
			children = (
				506A482D2334CC6F0002D75A /* Example.xcdatamodel */,
			);
			currentVersion = 506A482D2334CC6F0002D75A /* Example.xcdatamodel */;
			path = Example.xcdatamodeld;
			sourceTree = "<group>";
			versionGroupType = wrapper.xcdatamodel;
		};
/* End XCVersionGroup section */
	};
	rootObject = 506A48182334CC6F0002D75A /* Project object */;
}
